github.com/gorilla/websocket v1.4.1 h1:q7AeDBpnBk8AogcD4DSag/Ukw/KV+YhzLj2bP5HvKCM=
github.com/gorilla/websocket v1.4.1/go.mod h1:YR8l580nyteQvAITg2hZ9XVh4b55+EU/adAjf1fMHhE=
github.com/VictoriaMetrics/metrics v1.5.0 h1:WvQqPn+z9pR1U7J58CgaGiWrN8phNGSpr2xUSxJnfpE=
github.com/VictoriaMetrics/metrics v1.5.0/go.mod h1:QZAL5yLaXvhSPeib0ahluGo9VK0HXDZHovKaKlpuWvs=
github.com/golang/protobuf v1.2.0/go.mod h1:6lQm79b+lXiMfvg/cZm0SGofjICqVBUtrP5yJMmIC1U=
github.com/golang/protobuf v1.3.2 h1:6nsPYzhq5kReh6QImI3k5qWzO4PEbvbIW2cwSfR/6xs=
github.com/golang/protobuf v1.3.2/go.mod h1:6lQm79b+lXiMfvg/cZm0SGofjICqVBUtrP5yJMmIC1U=
github.com/golang/snappy v0.0.1/go.mod h1:/XxbfmMg8lxefKM7IXC3fBNl/7bRcc72aCRzEWrmP2Q=
github.com/lni/dragonboat v2.1.7+incompatible h1:U04ZmiQKXcdRWNE6jccSiYJK7k+ECwN7XIw1xpTiJeE=
github.com/lni/dragonboat-example v2.0.0+incompatible h1:UZL0tCv4IJoRkDA6XszvLGliF1WR6a4l/A5/qC/nq8U=
github.com/lni/dragonboat-example/v3 v3.0.0-20190723082925-0094ddcdce4f h1:RPFwRibr6rCvWdFpu6tMxsixOj7EKylYoOtk2oRMQPw=
github.com/lni/dragonboat-example/v3 v3.0.0-20190723082925-0094ddcdce4f/go.mod h1:IX+Zxg2rW6pEKosffAf4+wxSQ7EiUvsCYQu/wGnOKos=
github.com/lni/dragonboat/v3 v3.1.0/go.mod h1:EQ/59ROPqeDktEFaZcz0lXSSnM74Yj7r92X8oHsZKSQ=
github.com/lni/dragonboat/v3 v3.1.3 h1:TGrsshO07bATvIGbO4fmhHcNileMCdfOjH9YWX0mP8s=
github.com/lni/dragonboat/v3 v3.1.3/go.mod h1:EQ/59ROPqeDktEFaZcz0lXSSnM74Yj7r92X8oHsZKSQ=
github.com/lni/goutils v1.0.1/go.mod h1:f2YgTtVeGFUdJrZJmtf0S05qYvSZXdmBxa5Z8nhBU/Q=
github.com/lni/goutils v1.0.2 h1:XEQvY9GWR/4cUA35l55tIroD9gA2wlByOAu3thdnThA=
github.com/lni/goutils v1.0.2/go.mod h1:f2YgTtVeGFUdJrZJmtf0S05qYvSZXdmBxa5Z8nhBU/Q=
github.com/rgreen312/owlplace v0.0.0-20190923194021-b586deed4655 h1:aR4BOStz/erio42Y1Ac0FJstagA6Nkk7DF9iR+6lHHg=
github.com/rgreen312/owlplace v0.0.0-20190923203400-fede005253a4 h1:AVbah+qTtEg7/zVzjCXyGSUWluljqqJ0SQPUZcKIoho=
github.com/rgreen312/owlplace v0.0.0-20190925195742-e72d61de6541 h1:SLMyZD0XpKRhTDpMPZFYOl63RpNHHIiAVY/p1hpUZ4k=
github.com/valyala/fastrand v1.0.0 h1:LUKT9aKer2dVQNUi3waewTbKV+7H17kvWFNKs2ObdkI=
github.com/valyala/fastrand v1.0.0/go.mod h1:HWqCzkrkg6QXT8V2EXWvXCoow7vLwOFN002oeRzjapQ=
github.com/valyala/histogram v1.0.1 h1:FzA7n2Tz/wKRMejgu3PV1vw3htAklTjjuoI6z3d4KDg=
github.com/valyala/histogram v1.0.1/go.mod h1:lQy0xA4wUz2+IUnf97SivorsJIp8FxsnRd6x25q7Mto=
